// !$*UTF8*$!
{
	archiveVersion = 1;
	classes = {
	};
	objectVersion = 50;
	objects = {

/* Begin PBXBuildFile section */
		23B4C00923D1360E008B9882 /* newMap.cpp in Sources */ = {isa = PBXBuildFile; fileRef = 23B4C00623D1360E008B9882 /* newMap.cpp */; };
		23B4C00A23D1360E008B9882 /* testnewMap.cpp in Sources */ = {isa = PBXBuildFile; fileRef = 23B4C00823D1360E008B9882 /* testnewMap.cpp */; };
		23CA4D2123D2CF0B006FD7AB /* CarMap.cpp in Sources */ = {isa = PBXBuildFile; fileRef = 23CA4D1B23D2CF0B006FD7AB /* CarMap.cpp */; };
		23CA4D2223D2CF0B006FD7AB /* testCarMap.cpp in Sources */ = {isa = PBXBuildFile; fileRef = 23CA4D1E23D2CF0B006FD7AB /* testCarMap.cpp */; };
		23CA4D2323D2CF0B006FD7AB /* Map.cpp in Sources */ = {isa = PBXBuildFile; fileRef = 23CA4D1F23D2CF0B006FD7AB /* Map.cpp */; };
		23CA4D2423D2CF0B006FD7AB /* testMap.cpp in Sources */ = {isa = PBXBuildFile; fileRef = 23CA4D2023D2CF0B006FD7AB /* testMap.cpp */; };
		23CA4D2623D2D271006FD7AB /* specTest.cpp in Sources */ = {isa = PBXBuildFile; fileRef = 23CA4D2523D2D271006FD7AB /* specTest.cpp */; };
/* End PBXBuildFile section */

/* Begin PBXCopyFilesBuildPhase section */
		23B4BFCD23D102A0008B9882 /* CopyFiles */ = {
			isa = PBXCopyFilesBuildPhase;
			buildActionMask = 2147483647;
			dstPath = /usr/share/man/man1/;
			dstSubfolderSpec = 0;
			files = (
			);
			runOnlyForDeploymentPostprocessing = 1;
		};
/* End PBXCopyFilesBuildPhase section */

/* Begin PBXFileReference section */
		2357D5C223D7D169004A6549 /* testCases.txt */ = {isa = PBXFileReference; fileEncoding = 4; lastKnownFileType = text; path = testCases.txt; sourceTree = "<group>"; };
		23B4BFCF23D102A0008B9882 /* Homework 1 */ = {isa = PBXFileReference; explicitFileType = "compiled.mach-o.executable"; includeInIndex = 0; path = "Homework 1"; sourceTree = BUILT_PRODUCTS_DIR; };
		23B4C00623D1360E008B9882 /* newMap.cpp */ = {isa = PBXFileReference; fileEncoding = 4; lastKnownFileType = sourcecode.cpp.cpp; path = newMap.cpp; sourceTree = "<group>"; };
		23B4C00723D1360E008B9882 /* newMap.h */ = {isa = PBXFileReference; fileEncoding = 4; lastKnownFileType = sourcecode.c.h; path = newMap.h; sourceTree = "<group>"; };
		23B4C00823D1360E008B9882 /* testnewMap.cpp */ = {isa = PBXFileReference; fileEncoding = 4; lastKnownFileType = sourcecode.cpp.cpp; path = testnewMap.cpp; sourceTree = "<group>"; };
		23CA4D1B23D2CF0B006FD7AB /* CarMap.cpp */ = {isa = PBXFileReference; fileEncoding = 4; lastKnownFileType = sourcecode.cpp.cpp; path = CarMap.cpp; sourceTree = "<group>"; };
		23CA4D1C23D2CF0B006FD7AB /* CarMap.h */ = {isa = PBXFileReference; fileEncoding = 4; lastKnownFileType = sourcecode.c.h; path = CarMap.h; sourceTree = "<group>"; };
		23CA4D1D23D2CF0B006FD7AB /* Map.h */ = {isa = PBXFileReference; fileEncoding = 4; lastKnownFileType = sourcecode.c.h; path = Map.h; sourceTree = "<group>"; };
		23CA4D1E23D2CF0B006FD7AB /* testCarMap.cpp */ = {isa = PBXFileReference; fileEncoding = 4; lastKnownFileType = sourcecode.cpp.cpp; path = testCarMap.cpp; sourceTree = "<group>"; };
		23CA4D1F23D2CF0B006FD7AB /* Map.cpp */ = {isa = PBXFileReference; fileEncoding = 4; lastKnownFileType = sourcecode.cpp.cpp; path = Map.cpp; sourceTree = "<group>"; };
		23CA4D2023D2CF0B006FD7AB /* testMap.cpp */ = {isa = PBXFileReference; fileEncoding = 4; lastKnownFileType = sourcecode.cpp.cpp; path = testMap.cpp; sourceTree = "<group>"; };
		23CA4D2523D2D271006FD7AB /* specTest.cpp */ = {isa = PBXFileReference; lastKnownFileType = sourcecode.cpp.cpp; path = specTest.cpp; sourceTree = "<group>"; };
/* End PBXFileReference section */

/* Begin PBXFrameworksBuildPhase section */
		23B4BFCC23D102A0008B9882 /* Frameworks */ = {
			isa = PBXFrameworksBuildPhase;
			buildActionMask = 2147483647;
			files = (
			);
			runOnlyForDeploymentPostprocessing = 0;
		};
/* End PBXFrameworksBuildPhase section */

/* Begin PBXGroup section */
		23B4BFC623D102A0008B9882 = {
			isa = PBXGroup;
			children = (
				23B4BFD123D102A0008B9882 /* Homework 1 */,
				23B4BFD023D102A0008B9882 /* Products */,
			);
			sourceTree = "<group>";
		};
		23B4BFD023D102A0008B9882 /* Products */ = {
			isa = PBXGroup;
			children = (
				23B4BFCF23D102A0008B9882 /* Homework 1 */,
			);
			name = Products;
			sourceTree = "<group>";
		};
		23B4BFD123D102A0008B9882 /* Homework 1 */ = {
			isa = PBXGroup;
			children = (
				23CA4D1D23D2CF0B006FD7AB /* Map.h */,
				23CA4D1F23D2CF0B006FD7AB /* Map.cpp */,
				23CA4D2023D2CF0B006FD7AB /* testMap.cpp */,
				23CA4D1C23D2CF0B006FD7AB /* CarMap.h */,
				23CA4D1B23D2CF0B006FD7AB /* CarMap.cpp */,
				23CA4D1E23D2CF0B006FD7AB /* testCarMap.cpp */,
				23B4C00723D1360E008B9882 /* newMap.h */,
				23B4C00623D1360E008B9882 /* newMap.cpp */,
				23B4C00823D1360E008B9882 /* testnewMap.cpp */,
				23CA4D2523D2D271006FD7AB /* specTest.cpp */,
				2357D5C223D7D169004A6549 /* testCases.txt */,
			);
			path = "Homework 1";
			sourceTree = "<group>";
		};
/* End PBXGroup section */

/* Begin PBXNativeTarget section */
		23B4BFCE23D102A0008B9882 /* Homework 1 */ = {
			isa = PBXNativeTarget;
			buildConfigurationList = 23B4BFD623D102A0008B9882 /* Build configuration list for PBXNativeTarget "Homework 1" */;
			buildPhases = (
				23B4BFCB23D102A0008B9882 /* Sources */,
				23B4BFCC23D102A0008B9882 /* Frameworks */,
				23B4BFCD23D102A0008B9882 /* CopyFiles */,
			);
			buildRules = (
			);
			dependencies = (
			);
			name = "Homework 1";
			productName = "Homework 1";
			productReference = 23B4BFCF23D102A0008B9882 /* Homework 1 */;
			productType = "com.apple.product-type.tool";
		};
/* End PBXNativeTarget section */

/* Begin PBXProject section */
		23B4BFC723D102A0008B9882 /* Project object */ = {
			isa = PBXProject;
			attributes = {
				LastUpgradeCheck = 1100;
				ORGANIZATIONNAME = "Mitchell McLinton";
				TargetAttributes = {
					23B4BFCE23D102A0008B9882 = {
						CreatedOnToolsVersion = 11.0;
					};
				};
			};
			buildConfigurationList = 23B4BFCA23D102A0008B9882 /* Build configuration list for PBXProject "Homework 1" */;
			compatibilityVersion = "Xcode 9.3";
			developmentRegion = en;
			hasScannedForEncodings = 0;
			knownRegions = (
				en,
				Base,
			);
			mainGroup = 23B4BFC623D102A0008B9882;
			productRefGroup = 23B4BFD023D102A0008B9882 /* Products */;
			projectDirPath = "";
			projectRoot = "";
			targets = (
				23B4BFCE23D102A0008B9882 /* Homework 1 */,
			);
		};
/* End PBXProject section */

/* Begin PBXSourcesBuildPhase section */
		23B4BFCB23D102A0008B9882 /* Sources */ = {
			isa = PBXSourcesBuildPhase;
			buildActionMask = 2147483647;
			files = (
				23CA4D2423D2CF0B006FD7AB /* testMap.cpp in Sources */,
				23B4C00923D1360E008B9882 /* newMap.cpp in Sources */,
				23CA4D2323D2CF0B006FD7AB /* Map.cpp in Sources */,
				23B4C00A23D1360E008B9882 /* testnewMap.cpp in Sources */,
				23CA4D2123D2CF0B006FD7AB /* CarMap.cpp in Sources */,
				23CA4D2623D2D271006FD7AB /* specTest.cpp in Sources */,
				23CA4D2223D2CF0B006FD7AB /* testCarMap.cpp in Sources */,
			);
			runOnlyForDeploymentPostprocessing = 0;
		};
/* End PBXSourcesBuildPhase section */

/* Begin XCBuildConfiguration section */
		23B4BFD423D102A0008B9882 /* Debug */ = {
			isa = XCBuildConfiguration;
			buildSettings = {
				ALWAYS_SEARCH_USER_PATHS = NO;
				CLANG_ANALYZER_NONNULL = YES;
				CLANG_ANALYZER_NUMBER_OBJECT_CONVERSION = YES_AGGRESSIVE;
				CLANG_CXX_LANGUAGE_STANDARD = "gnu++14";
				CLANG_CXX_LIBRARY = "libc++";
				CLANG_ENABLE_MODULES = YES;
				CLANG_ENABLE_OBJC_ARC = YES;
				CLANG_ENABLE_OBJC_WEAK = YES;
				CLANG_WARN_BLOCK_CAPTURE_AUTORELEASING = YES;
				CLANG_WARN_BOOL_CONVERSION = YES;
				CLANG_WARN_COMMA = YES;
				CLANG_WARN_CONSTANT_CONVERSION = YES;
				CLANG_WARN_DEPRECATED_OBJC_IMPLEMENTATIONS = YES;
				CLANG_WARN_DIRECT_OBJC_ISA_USAGE = YES_ERROR;
				CLANG_WARN_DOCUMENTATION_COMMENTS = YES;
				CLANG_WARN_EMPTY_BODY = YES;
				CLANG_WARN_ENUM_CONVERSION = YES;
				CLANG_WARN_INFINITE_RECURSION = YES;
				CLANG_WARN_INT_CONVERSION = YES;
				CLANG_WARN_NON_LITERAL_NULL_CONVERSION = YES;
				CLANG_WARN_OBJC_IMPLICIT_RETAIN_SELF = YES;
				CLANG_WARN_OBJC_LITERAL_CONVERSION = YES;
				CLANG_WARN_OBJC_ROOT_CLASS = YES_ERROR;
				CLANG_WARN_RANGE_LOOP_ANALYSIS = YES;
				CLANG_WARN_STRICT_PROTOTYPES = YES;
				CLANG_WARN_SUSPICIOUS_MOVE = YES;
				CLANG_WARN_UNGUARDED_AVAILABILITY = YES_AGGRESSIVE;
				CLANG_WARN_UNREACHABLE_CODE = YES;
				CLANG_WARN__DUPLICATE_METHOD_MATCH = YES;
				COPY_PHASE_STRIP = NO;
				DEBUG_INFORMATION_FORMAT = dwarf;
				ENABLE_STRICT_OBJC_MSGSEND = YES;
				ENABLE_TESTABILITY = YES;
				GCC_C_LANGUAGE_STANDARD = gnu11;
				GCC_DYNAMIC_NO_PIC = NO;
				GCC_NO_COMMON_BLOCKS = YES;
				GCC_OPTIMIZATION_LEVEL = 0;
				GCC_PREPROCESSOR_DEFINITIONS = (
					"DEBUG=1",
					"$(inherited)",
				);
				GCC_WARN_64_TO_32_BIT_CONVERSION = YES;
				GCC_WARN_ABOUT_RETURN_TYPE = YES_ERROR;
				GCC_WARN_UNDECLARED_SELECTOR = YES;
				GCC_WARN_UNINITIALIZED_AUTOS = YES_AGGRESSIVE;
				GCC_WARN_UNUSED_FUNCTION = YES;
				GCC_WARN_UNUSED_VARIABLE = YES;
				MACOSX_DEPLOYMENT_TARGET = 10.15;
				MTL_ENABLE_DEBUG_INFO = INCLUDE_SOURCE;
				MTL_FAST_MATH = YES;
				ONLY_ACTIVE_ARCH = YES;
				SDKROOT = macosx;
			};
			name = Debug;
		};
		23B4BFD523D102A0008B9882 /* Release */ = {
			isa = XCBuildConfiguration;
			buildSettings = {
				ALWAYS_SEARCH_USER_PATHS = NO;
				CLANG_ANALYZER_NONNULL = YES;
				CLANG_ANALYZER_NUMBER_OBJECT_CONVERSION = YES_AGGRESSIVE;
				CLANG_CXX_LANGUAGE_STANDARD = "gnu++14";
				CLANG_CXX_LIBRARY = "libc++";
				CLANG_ENABLE_MODULES = YES;
				CLANG_ENABLE_OBJC_ARC = YES;
				CLANG_ENABLE_OBJC_WEAK = YES;
				CLANG_WARN_BLOCK_CAPTURE_AUTORELEASING = YES;
				CLANG_WARN_BOOL_CONVERSION = YES;
				CLANG_WARN_COMMA = YES;
				CLANG_WARN_CONSTANT_CONVERSION = YES;
				CLANG_WARN_DEPRECATED_OBJC_IMPLEMENTATIONS = YES;
				CLANG_WARN_DIRECT_OBJC_ISA_USAGE = YES_ERROR;
				CLANG_WARN_DOCUMENTATION_COMMENTS = YES;
				CLANG_WARN_EMPTY_BODY = YES;
				CLANG_WARN_ENUM_CONVERSION = YES;
				CLANG_WARN_INFINITE_RECURSION = YES;
				CLANG_WARN_INT_CONVERSION = YES;
				CLANG_WARN_NON_LITERAL_NULL_CONVERSION = YES;
				CLANG_WARN_OBJC_IMPLICIT_RETAIN_SELF = YES;
				CLANG_WARN_OBJC_LITERAL_CONVERSION = YES;
				CLANG_WARN_OBJC_ROOT_CLASS = YES_ERROR;
				CLANG_WARN_RANGE_LOOP_ANALYSIS = YES;
				CLANG_WARN_STRICT_PROTOTYPES = YES;
				CLANG_WARN_SUSPICIOUS_MOVE = YES;
				CLANG_WARN_UNGUARDED_AVAILABILITY = YES_AGGRESSIVE;
				CLANG_WARN_UNREACHABLE_CODE = YES;
				CLANG_WARN__DUPLICATE_METHOD_MATCH = YES;
				COPY_PHASE_STRIP = NO;
				DEBUG_INFORMATION_FORMAT = "dwarf-with-dsym";
				ENABLE_NS_ASSERTIONS = NO;
				ENABLE_STRICT_OBJC_MSGSEND = YES;
				GCC_C_LANGUAGE_STANDARD = gnu11;
				GCC_NO_COMMON_BLOCKS = YES;
				GCC_WARN_64_TO_32_BIT_CONVERSION = YES;
				GCC_WARN_ABOUT_RETURN_TYPE = YES_ERROR;
				GCC_WARN_UNDECLARED_SELECTOR = YES;
				GCC_WARN_UNINITIALIZED_AUTOS = YES_AGGRESSIVE;
				GCC_WARN_UNUSED_FUNCTION = YES;
				GCC_WARN_UNUSED_VARIABLE = YES;
				MACOSX_DEPLOYMENT_TARGET = 10.15;
				MTL_ENABLE_DEBUG_INFO = NO;
				MTL_FAST_MATH = YES;
				SDKROOT = macosx;
			};
			name = Release;
		};
		23B4BFD723D102A0008B9882 /* Debug */ = {
			isa = XCBuildConfiguration;
			buildSettings = {
				CODE_SIGN_STYLE = Automatic;
				DEVELOPMENT_TEAM = 746MMXS8TU;
				ENABLE_HARDENED_RUNTIME = YES;
				GCC_NO_COMMON_BLOCKS = YES;
				PRODUCT_NAME = "$(TARGET_NAME)";
			};
			name = Debug;
		};
		23B4BFD823D102A0008B9882 /* Release */ = {
			isa = XCBuildConfiguration;
			buildSettings = {
				CODE_SIGN_STYLE = Automatic;
				DEVELOPMENT_TEAM = 746MMXS8TU;
				ENABLE_HARDENED_RUNTIME = YES;
				GCC_NO_COMMON_BLOCKS = YES;
				PRODUCT_NAME = "$(TARGET_NAME)";
			};
			name = Release;
		};
/* End XCBuildConfiguration section */

/* Begin XCConfigurationList section */
		23B4BFCA23D102A0008B9882 /* Build configuration list for PBXProject "Homework 1" */ = {
			isa = XCConfigurationList;
			buildConfigurations = (
				23B4BFD423D102A0008B9882 /* Debug */,
				23B4BFD523D102A0008B9882 /* Release */,
			);
			defaultConfigurationIsVisible = 0;
			defaultConfigurationName = Release;
		};
		23B4BFD623D102A0008B9882 /* Build configuration list for PBXNativeTarget "Homework 1" */ = {
			isa = XCConfigurationList;
			buildConfigurations = (
				23B4BFD723D102A0008B9882 /* Debug */,
				23B4BFD823D102A0008B9882 /* Release */,
			);
			defaultConfigurationIsVisible = 0;
			defaultConfigurationName = Release;
		};
/* End XCConfigurationList section */
	};
	rootObject = 23B4BFC723D102A0008B9882 /* Project object */;
}
