// !$*UTF8*$!
{
	archiveVersion = 1;
	classes = {
	};
	objectVersion = 50;
	objects = {

/* Begin PBXBuildFile section */
		2321D5A923E14EFC004722B8 /* SpecTest1.cpp in Sources */ = {isa = PBXBuildFile; fileRef = 2321D5A823E14EFC004722B8 /* SpecTest1.cpp */; };
		2321D5AB23E14F39004722B8 /* SpecTest2.cpp in Sources */ = {isa = PBXBuildFile; fileRef = 2321D5AA23E14F39004722B8 /* SpecTest2.cpp */; };
		2321D5AD23E14F44004722B8 /* SpecTest3.cpp in Sources */ = {isa = PBXBuildFile; fileRef = 2321D5AC23E14F44004722B8 /* SpecTest3.cpp */; };
		2357D5F023DA8689004A6549 /* Map.cpp in Sources */ = {isa = PBXBuildFile; fileRef = 2357D5EE23DA8689004A6549 /* Map.cpp */; };
		2357D5F123DA8689004A6549 /* testMap.cpp in Sources */ = {isa = PBXBuildFile; fileRef = 2357D5EF23DA8689004A6549 /* testMap.cpp */; };
/* End PBXBuildFile section */

/* Begin PBXCopyFilesBuildPhase section */
		2357D5E123DA856A004A6549 /* CopyFiles */ = {
			isa = PBXCopyFilesBuildPhase;
			buildActionMask = 2147483647;
			dstPath = /usr/share/man/man1/;
			dstSubfolderSpec = 0;
			files = (
			);
			runOnlyForDeploymentPostprocessing = 1;
		};
/* End PBXCopyFilesBuildPhase section */

/* Begin PBXFileReference section */
		2321D5A823E14EFC004722B8 /* SpecTest1.cpp */ = {isa = PBXFileReference; lastKnownFileType = sourcecode.cpp.cpp; name = SpecTest1.cpp; path = SpecTests/SpecTest1.cpp; sourceTree = "<group>"; };
		2321D5AA23E14F39004722B8 /* SpecTest2.cpp */ = {isa = PBXFileReference; lastKnownFileType = sourcecode.cpp.cpp; name = SpecTest2.cpp; path = SpecTests/SpecTest2.cpp; sourceTree = "<group>"; };
		2321D5AC23E14F44004722B8 /* SpecTest3.cpp */ = {isa = PBXFileReference; lastKnownFileType = sourcecode.cpp.cpp; name = SpecTest3.cpp; path = SpecTests/SpecTest3.cpp; sourceTree = "<group>"; };
		2357D5E323DA856A004A6549 /* Proj2_DoubleTrouble */ = {isa = PBXFileReference; explicitFileType = "compiled.mach-o.executable"; includeInIndex = 0; path = Proj2_DoubleTrouble; sourceTree = BUILT_PRODUCTS_DIR; };
		2357D5ED23DA8689004A6549 /* Map.h */ = {isa = PBXFileReference; fileEncoding = 4; lastKnownFileType = sourcecode.c.h; path = Map.h; sourceTree = "<group>"; };
		2357D5EE23DA8689004A6549 /* Map.cpp */ = {isa = PBXFileReference; fileEncoding = 4; lastKnownFileType = sourcecode.cpp.cpp; path = Map.cpp; sourceTree = "<group>"; };
		2357D5EF23DA8689004A6549 /* testMap.cpp */ = {isa = PBXFileReference; fileEncoding = 4; lastKnownFileType = sourcecode.cpp.cpp; path = testMap.cpp; sourceTree = "<group>"; };
/* End PBXFileReference section */

/* Begin PBXFrameworksBuildPhase section */
		2357D5E023DA856A004A6549 /* Frameworks */ = {
			isa = PBXFrameworksBuildPhase;
			buildActionMask = 2147483647;
			files = (
			);
			runOnlyForDeploymentPostprocessing = 0;
		};
/* End PBXFrameworksBuildPhase section */

/* Begin PBXGroup section */
		2357D5DA23DA856A004A6549 = {
			isa = PBXGroup;
			children = (
				2357D5E523DA856A004A6549 /* Proj2_DoubleTrouble */,
				2357D5E423DA856A004A6549 /* Products */,
			);
			sourceTree = "<group>";
		};
		2357D5E423DA856A004A6549 /* Products */ = {
			isa = PBXGroup;
			children = (
				2357D5E323DA856A004A6549 /* Proj2_DoubleTrouble */,
			);
			name = Products;
			sourceTree = "<group>";
		};
		2357D5E523DA856A004A6549 /* Proj2_DoubleTrouble */ = {
			isa = PBXGroup;
			children = (
				2357D5EF23DA8689004A6549 /* testMap.cpp */,
				2357D5ED23DA8689004A6549 /* Map.h */,
				2357D5EE23DA8689004A6549 /* Map.cpp */,
				2321D5A823E14EFC004722B8 /* SpecTest1.cpp */,
				2321D5AA23E14F39004722B8 /* SpecTest2.cpp */,
				2321D5AC23E14F44004722B8 /* SpecTest3.cpp */,
			);
			path = Proj2_DoubleTrouble;
			sourceTree = "<group>";
		};
/* End PBXGroup section */

/* Begin PBXNativeTarget section */
		2357D5E223DA856A004A6549 /* Proj2_DoubleTrouble */ = {
			isa = PBXNativeTarget;
			buildConfigurationList = 2357D5EA23DA856A004A6549 /* Build configuration list for PBXNativeTarget "Proj2_DoubleTrouble" */;
			buildPhases = (
				2357D5DF23DA856A004A6549 /* Sources */,
				2357D5E023DA856A004A6549 /* Frameworks */,
				2357D5E123DA856A004A6549 /* CopyFiles */,
			);
			buildRules = (
			);
			dependencies = (
			);
			name = Proj2_DoubleTrouble;
			productName = Proj2_DoubleTrouble;
			productReference = 2357D5E323DA856A004A6549 /* Proj2_DoubleTrouble */;
			productType = "com.apple.product-type.tool";
		};
/* End PBXNativeTarget section */

/* Begin PBXProject section */
		2357D5DB23DA856A004A6549 /* Project object */ = {
			isa = PBXProject;
			attributes = {
				LastUpgradeCheck = 1100;
				ORGANIZATIONNAME = "Mitchell McLinton";
				TargetAttributes = {
					2357D5E223DA856A004A6549 = {
						CreatedOnToolsVersion = 11.0;
					};
				};
			};
			buildConfigurationList = 2357D5DE23DA856A004A6549 /* Build configuration list for PBXProject "Proj2_DoubleTrouble" */;
			compatibilityVersion = "Xcode 9.3";
			developmentRegion = en;
			hasScannedForEncodings = 0;
			knownRegions = (
				en,
				Base,
			);
			mainGroup = 2357D5DA23DA856A004A6549;
			productRefGroup = 2357D5E423DA856A004A6549 /* Products */;
			projectDirPath = "";
			projectRoot = "";
			targets = (
				2357D5E223DA856A004A6549 /* Proj2_DoubleTrouble */,
			);
		};
/* End PBXProject section */

/* Begin PBXSourcesBuildPhase section */
		2357D5DF23DA856A004A6549 /* Sources */ = {
			isa = PBXSourcesBuildPhase;
			buildActionMask = 2147483647;
			files = (
				2321D5A923E14EFC004722B8 /* SpecTest1.cpp in Sources */,
				2357D5F123DA8689004A6549 /* testMap.cpp in Sources */,
				2321D5AD23E14F44004722B8 /* SpecTest3.cpp in Sources */,
				2357D5F023DA8689004A6549 /* Map.cpp in Sources */,
				2321D5AB23E14F39004722B8 /* SpecTest2.cpp in Sources */,
			);
			runOnlyForDeploymentPostprocessing = 0;
		};
/* End PBXSourcesBuildPhase section */

/* Begin XCBuildConfiguration section */
		2357D5E823DA856A004A6549 /* Debug */ = {
			isa = XCBuildConfiguration;
			buildSettings = {
				ALWAYS_SEARCH_USER_PATHS = NO;
				CLANG_ANALYZER_NONNULL = YES;
				CLANG_ANALYZER_NUMBER_OBJECT_CONVERSION = YES_AGGRESSIVE;
				CLANG_CXX_LANGUAGE_STANDARD = "gnu++14";
				CLANG_CXX_LIBRARY = "libc++";
				CLANG_ENABLE_MODULES = YES;
				CLANG_ENABLE_OBJC_ARC = YES;
				CLANG_ENABLE_OBJC_WEAK = YES;
				CLANG_WARN_BLOCK_CAPTURE_AUTORELEASING = YES;
				CLANG_WARN_BOOL_CONVERSION = YES;
				CLANG_WARN_COMMA = YES;
				CLANG_WARN_CONSTANT_CONVERSION = YES;
				CLANG_WARN_DEPRECATED_OBJC_IMPLEMENTATIONS = YES;
				CLANG_WARN_DIRECT_OBJC_ISA_USAGE = YES_ERROR;
				CLANG_WARN_DOCUMENTATION_COMMENTS = YES;
				CLANG_WARN_EMPTY_BODY = YES;
				CLANG_WARN_ENUM_CONVERSION = YES;
				CLANG_WARN_INFINITE_RECURSION = YES;
				CLANG_WARN_INT_CONVERSION = YES;
				CLANG_WARN_NON_LITERAL_NULL_CONVERSION = YES;
				CLANG_WARN_OBJC_IMPLICIT_RETAIN_SELF = YES;
				CLANG_WARN_OBJC_LITERAL_CONVERSION = YES;
				CLANG_WARN_OBJC_ROOT_CLASS = YES_ERROR;
				CLANG_WARN_RANGE_LOOP_ANALYSIS = YES;
				CLANG_WARN_STRICT_PROTOTYPES = YES;
				CLANG_WARN_SUSPICIOUS_MOVE = YES;
				CLANG_WARN_UNGUARDED_AVAILABILITY = YES_AGGRESSIVE;
				CLANG_WARN_UNREACHABLE_CODE = YES;
				CLANG_WARN__DUPLICATE_METHOD_MATCH = YES;
				COPY_PHASE_STRIP = NO;
				DEBUG_INFORMATION_FORMAT = dwarf;
				ENABLE_STRICT_OBJC_MSGSEND = YES;
				ENABLE_TESTABILITY = YES;
				GCC_C_LANGUAGE_STANDARD = gnu11;
				GCC_DYNAMIC_NO_PIC = NO;
				GCC_NO_COMMON_BLOCKS = YES;
				GCC_OPTIMIZATION_LEVEL = 0;
				GCC_PREPROCESSOR_DEFINITIONS = (
					"DEBUG=1",
					"$(inherited)",
				);
				GCC_WARN_64_TO_32_BIT_CONVERSION = YES;
				GCC_WARN_ABOUT_RETURN_TYPE = YES_ERROR;
				GCC_WARN_UNDECLARED_SELECTOR = YES;
				GCC_WARN_UNINITIALIZED_AUTOS = YES_AGGRESSIVE;
				GCC_WARN_UNUSED_FUNCTION = YES;
				GCC_WARN_UNUSED_VARIABLE = YES;
				MACOSX_DEPLOYMENT_TARGET = 10.15;
				MTL_ENABLE_DEBUG_INFO = INCLUDE_SOURCE;
				MTL_FAST_MATH = YES;
				ONLY_ACTIVE_ARCH = YES;
				SDKROOT = macosx;
			};
			name = Debug;
		};
		2357D5E923DA856A004A6549 /* Release */ = {
			isa = XCBuildConfiguration;
			buildSettings = {
				ALWAYS_SEARCH_USER_PATHS = NO;
				CLANG_ANALYZER_NONNULL = YES;
				CLANG_ANALYZER_NUMBER_OBJECT_CONVERSION = YES_AGGRESSIVE;
				CLANG_CXX_LANGUAGE_STANDARD = "gnu++14";
				CLANG_CXX_LIBRARY = "libc++";
				CLANG_ENABLE_MODULES = YES;
				CLANG_ENABLE_OBJC_ARC = YES;
				CLANG_ENABLE_OBJC_WEAK = YES;
				CLANG_WARN_BLOCK_CAPTURE_AUTORELEASING = YES;
				CLANG_WARN_BOOL_CONVERSION = YES;
				CLANG_WARN_COMMA = YES;
				CLANG_WARN_CONSTANT_CONVERSION = YES;
				CLANG_WARN_DEPRECATED_OBJC_IMPLEMENTATIONS = YES;
				CLANG_WARN_DIRECT_OBJC_ISA_USAGE = YES_ERROR;
				CLANG_WARN_DOCUMENTATION_COMMENTS = YES;
				CLANG_WARN_EMPTY_BODY = YES;
				CLANG_WARN_ENUM_CONVERSION = YES;
				CLANG_WARN_INFINITE_RECURSION = YES;
				CLANG_WARN_INT_CONVERSION = YES;
				CLANG_WARN_NON_LITERAL_NULL_CONVERSION = YES;
				CLANG_WARN_OBJC_IMPLICIT_RETAIN_SELF = YES;
				CLANG_WARN_OBJC_LITERAL_CONVERSION = YES;
				CLANG_WARN_OBJC_ROOT_CLASS = YES_ERROR;
				CLANG_WARN_RANGE_LOOP_ANALYSIS = YES;
				CLANG_WARN_STRICT_PROTOTYPES = YES;
				CLANG_WARN_SUSPICIOUS_MOVE = YES;
				CLANG_WARN_UNGUARDED_AVAILABILITY = YES_AGGRESSIVE;
				CLANG_WARN_UNREACHABLE_CODE = YES;
				CLANG_WARN__DUPLICATE_METHOD_MATCH = YES;
				COPY_PHASE_STRIP = NO;
				DEBUG_INFORMATION_FORMAT = "dwarf-with-dsym";
				ENABLE_NS_ASSERTIONS = NO;
				ENABLE_STRICT_OBJC_MSGSEND = YES;
				GCC_C_LANGUAGE_STANDARD = gnu11;
				GCC_NO_COMMON_BLOCKS = YES;
				GCC_WARN_64_TO_32_BIT_CONVERSION = YES;
				GCC_WARN_ABOUT_RETURN_TYPE = YES_ERROR;
				GCC_WARN_UNDECLARED_SELECTOR = YES;
				GCC_WARN_UNINITIALIZED_AUTOS = YES_AGGRESSIVE;
				GCC_WARN_UNUSED_FUNCTION = YES;
				GCC_WARN_UNUSED_VARIABLE = YES;
				MACOSX_DEPLOYMENT_TARGET = 10.15;
				MTL_ENABLE_DEBUG_INFO = NO;
				MTL_FAST_MATH = YES;
				SDKROOT = macosx;
			};
			name = Release;
		};
		2357D5EB23DA856A004A6549 /* Debug */ = {
			isa = XCBuildConfiguration;
			buildSettings = {
				CODE_SIGN_STYLE = Automatic;
				DEVELOPMENT_TEAM = 746MMXS8TU;
				ENABLE_HARDENED_RUNTIME = YES;
				PRODUCT_NAME = "$(TARGET_NAME)";
			};
			name = Debug;
		};
		2357D5EC23DA856A004A6549 /* Release */ = {
			isa = XCBuildConfiguration;
			buildSettings = {
				CODE_SIGN_STYLE = Automatic;
				DEVELOPMENT_TEAM = 746MMXS8TU;
				ENABLE_HARDENED_RUNTIME = YES;
				PRODUCT_NAME = "$(TARGET_NAME)";
			};
			name = Release;
		};
/* End XCBuildConfiguration section */

/* Begin XCConfigurationList section */
		2357D5DE23DA856A004A6549 /* Build configuration list for PBXProject "Proj2_DoubleTrouble" */ = {
			isa = XCConfigurationList;
			buildConfigurations = (
				2357D5E823DA856A004A6549 /* Debug */,
				2357D5E923DA856A004A6549 /* Release */,
			);
			defaultConfigurationIsVisible = 0;
			defaultConfigurationName = Release;
		};
		2357D5EA23DA856A004A6549 /* Build configuration list for PBXNativeTarget "Proj2_DoubleTrouble" */ = {
			isa = XCConfigurationList;
			buildConfigurations = (
				2357D5EB23DA856A004A6549 /* Debug */,
				2357D5EC23DA856A004A6549 /* Release */,
			);
			defaultConfigurationIsVisible = 0;
			defaultConfigurationName = Release;
		};
/* End XCConfigurationList section */
	};
	rootObject = 2357D5DB23DA856A004A6549 /* Project object */;
}
